
Microsoft Visual Studio Solution File, Format Version 11.00
# Visual Studio 2010
# SharpDevelop 5.1
Project("{FAE04EC0-301F-11D3-BF4B-00C04F79EFBC}") = "LookupCollection", "LookupCollection\LookupCollection.csproj", "{C2EBB27D-4938-4C80-8F7F-9C6FA8C44750}"
EndProject
Global
	GlobalSection(SolutionConfigurationPlatforms) = preSolution
		Debug|Any CPU = Debug|Any CPU
		Release|Any CPU = Release|Any CPU
	EndGlobalSection
	GlobalSection(ProjectConfigurationPlatforms) = postSolution
		{C2EBB27D-4938-4C80-8F7F-9C6FA8C44750}.Debug|Any CPU.ActiveCfg = Debug|Any CPU
		{C2EBB27D-4938-4C80-8F7F-9C6FA8C44750}.Debug|Any CPU.Build.0 = Debug|Any CPU
		{C2EBB27D-4938-4C80-8F7F-9C6FA8C44750}.Release|Any CPU.ActiveCfg = Release|Any CPU
		{C2EBB27D-4938-4C80-8F7F-9C6FA8C44750}.Release|Any CPU.Build.0 = Release|Any CPU
	EndGlobalSection
EndGlobal
